
Microsoft Visual Studio Solution File, Format Version 12.00
# Visual Studio Version 17
VisualStudioVersion = 17.10.34928.147
MinimumVisualStudioVersion = 10.0.40219.1
Project("{FAE04EC0-301F-11D3-BF4B-00C04F79EFBC}") = "KuroAcad_Commands", "KuroAcad_Commands\KuroAcad_Commands.csproj", "{A673D817-DC85-446B-B600-3A3A5DC3C7E4}"
EndProject
Global
	GlobalSection(SolutionConfigurationPlatforms) = preSolution
		ACAD2018|Any CPU = ACAD2018|Any CPU
		ACAD2018|x64 = ACAD2018|x64
		ACAD2025|Any CPU = ACAD2025|Any CPU
		ACAD2025|x64 = ACAD2025|x64
	EndGlobalSection
	GlobalSection(ProjectConfigurationPlatforms) = postSolution
		{A673D817-DC85-446B-B600-3A3A5DC3C7E4}.ACAD2018|Any CPU.ActiveCfg = ACAD2018|Any CPU
		{A673D817-DC85-446B-B600-3A3A5DC3C7E4}.ACAD2018|Any CPU.Build.0 = ACAD2018|Any CPU
		{A673D817-DC85-446B-B600-3A3A5DC3C7E4}.ACAD2018|x64.ActiveCfg = 2018|x64
		{A673D817-DC85-446B-B600-3A3A5DC3C7E4}.ACAD2018|x64.Build.0 = 2018|x64
		{A673D817-DC85-446B-B600-3A3A5DC3C7E4}.ACAD2025|Any CPU.ActiveCfg = ACAD2025|Any CPU
		{A673D817-DC85-446B-B600-3A3A5DC3C7E4}.ACAD2025|Any CPU.Build.0 = ACAD2025|Any CPU
		{A673D817-DC85-446B-B600-3A3A5DC3C7E4}.ACAD2025|x64.ActiveCfg = ACAD2025|Any CPU
		{A673D817-DC85-446B-B600-3A3A5DC3C7E4}.ACAD2025|x64.Build.0 = ACAD2025|Any CPU
	EndGlobalSection
	GlobalSection(SolutionProperties) = preSolution
		HideSolutionNode = FALSE
	EndGlobalSection
	GlobalSection(ExtensibilityGlobals) = postSolution
		SolutionGuid = {AE389928-5765-41B4-8BB6-9442E073D5D4}
	EndGlobalSection
EndGlobal
